
Microsoft Visual Studio Solution File, Format Version 12.00
# Visual Studio Version 17
VisualStudioVersion = 17.13.35828.75 d17.13
MinimumVisualStudioVersion = 10.0.40219.1
Project("{FAE04EC0-301F-11D3-BF4B-00C04F79EFBC}") = "samu_quiz4_dotnet", "samu_quiz4_dotnet\samu_quiz4_dotnet.csproj", "{C4A1A810-D820-4533-8033-2C4A1BEB7EEB}"
EndProject
Global
	GlobalSection(SolutionConfigurationPlatforms) = preSolution
		Debug|Any CPU = Debug|Any CPU
		Release|Any CPU = Release|Any CPU
	EndGlobalSection
	GlobalSection(ProjectConfigurationPlatforms) = postSolution
		{C4A1A810-D820-4533-8033-2C4A1BEB7EEB}.Debug|Any CPU.ActiveCfg = Debug|Any CPU
		{C4A1A810-D820-4533-8033-2C4A1BEB7EEB}.Debug|Any CPU.Build.0 = Debug|Any CPU
		{C4A1A810-D820-4533-8033-2C4A1BEB7EEB}.Release|Any CPU.ActiveCfg = Release|Any CPU
		{C4A1A810-D820-4533-8033-2C4A1BEB7EEB}.Release|Any CPU.Build.0 = Release|Any CPU
	EndGlobalSection
	GlobalSection(SolutionProperties) = preSolution
		HideSolutionNode = FALSE
	EndGlobalSection
	GlobalSection(ExtensibilityGlobals) = postSolution
		SolutionGuid = {CF98970F-6E6A-4655-9537-0568974E29C1}
	EndGlobalSection
EndGlobal
